
Microsoft Visual Studio Solution File, Format Version 12.00
# Visual Studio Version 16
VisualStudioVersion = 16.0.30907.101
MinimumVisualStudioVersion = 10.0.40219.1
Project("{FAE04EC0-301F-11D3-BF4B-00C04F79EFBC}") = "MobileMathKit.Android", "MobileMathKit.Android\MobileMathKit.Android.csproj", "{40D870D3-B225-412A-871C-A70E689096DD}"
EndProject
Project("{FAE04EC0-301F-11D3-BF4B-00C04F79EFBC}") = "MobileMathKit.iOS", "MobileMathKit.iOS\MobileMathKit.iOS.csproj", "{60378A62-5D1F-4616-BFBD-351598502B16}"
EndProject
Project("{FAE04EC0-301F-11D3-BF4B-00C04F79EFBC}") = "MobileMathKit", "MobileMathKit\MobileMathKit.csproj", "{6E2086B7-D2F9-4406-B60D-4670E2430775}"
EndProject
Global
	GlobalSection(SolutionConfigurationPlatforms) = preSolution
		Debug|Any CPU = Debug|Any CPU
		Debug|iPhone = Debug|iPhone
		Debug|iPhoneSimulator = Debug|iPhoneSimulator
		Release|Any CPU = Release|Any CPU
		Release|iPhone = Release|iPhone
		Release|iPhoneSimulator = Release|iPhoneSimulator
	EndGlobalSection
	GlobalSection(ProjectConfigurationPlatforms) = postSolution
		{40D870D3-B225-412A-871C-A70E689096DD}.Debug|Any CPU.ActiveCfg = Debug|Any CPU
		{40D870D3-B225-412A-871C-A70E689096DD}.Debug|Any CPU.Build.0 = Debug|Any CPU
		{40D870D3-B225-412A-871C-A70E689096DD}.Debug|Any CPU.Deploy.0 = Debug|Any CPU
		{40D870D3-B225-412A-871C-A70E689096DD}.Debug|iPhone.ActiveCfg = Debug|Any CPU
		{40D870D3-B225-412A-871C-A70E689096DD}.Debug|iPhone.Build.0 = Debug|Any CPU
		{40D870D3-B225-412A-871C-A70E689096DD}.Debug|iPhone.Deploy.0 = Debug|Any CPU
		{40D870D3-B225-412A-871C-A70E689096DD}.Debug|iPhoneSimulator.ActiveCfg = Debug|Any CPU
		{40D870D3-B225-412A-871C-A70E689096DD}.Debug|iPhoneSimulator.Build.0 = Debug|Any CPU
		{40D870D3-B225-412A-871C-A70E689096DD}.Debug|iPhoneSimulator.Deploy.0 = Debug|Any CPU
		{40D870D3-B225-412A-871C-A70E689096DD}.Release|Any CPU.ActiveCfg = Release|Any CPU
		{40D870D3-B225-412A-871C-A70E689096DD}.Release|Any CPU.Build.0 = Release|Any CPU
		{40D870D3-B225-412A-871C-A70E689096DD}.Release|Any CPU.Deploy.0 = Release|Any CPU
		{40D870D3-B225-412A-871C-A70E689096DD}.Release|iPhone.ActiveCfg = Release|Any CPU
		{40D870D3-B225-412A-871C-A70E689096DD}.Release|iPhone.Build.0 = Release|Any CPU
		{40D870D3-B225-412A-871C-A70E689096DD}.Release|iPhone.Deploy.0 = Release|Any CPU
		{40D870D3-B225-412A-871C-A70E689096DD}.Release|iPhoneSimulator.ActiveCfg = Release|Any CPU
		{40D870D3-B225-412A-871C-A70E689096DD}.Release|iPhoneSimulator.Build.0 = Release|Any CPU
		{40D870D3-B225-412A-871C-A70E689096DD}.Release|iPhoneSimulator.Deploy.0 = Release|Any CPU
		{60378A62-5D1F-4616-BFBD-351598502B16}.Debug|Any CPU.ActiveCfg = Debug|iPhone
		{60378A62-5D1F-4616-BFBD-351598502B16}.Debug|Any CPU.Build.0 = Debug|iPhone
		{60378A62-5D1F-4616-BFBD-351598502B16}.Debug|Any CPU.Deploy.0 = Debug|iPhone
		{60378A62-5D1F-4616-BFBD-351598502B16}.Debug|iPhone.ActiveCfg = Debug|iPhone
		{60378A62-5D1F-4616-BFBD-351598502B16}.Debug|iPhone.Build.0 = Debug|iPhone
		{60378A62-5D1F-4616-BFBD-351598502B16}.Debug|iPhone.Deploy.0 = Debug|iPhone
		{60378A62-5D1F-4616-BFBD-351598502B16}.Debug|iPhoneSimulator.ActiveCfg = Debug|iPhoneSimulator
		{60378A62-5D1F-4616-BFBD-351598502B16}.Debug|iPhoneSimulator.Build.0 = Debug|iPhoneSimulator
		{60378A62-5D1F-4616-BFBD-351598502B16}.Debug|iPhoneSimulator.Deploy.0 = Debug|iPhoneSimulator
		{60378A62-5D1F-4616-BFBD-351598502B16}.Release|Any CPU.ActiveCfg = Release|iPhoneSimulator
		{60378A62-5D1F-4616-BFBD-351598502B16}.Release|Any CPU.Build.0 = Release|iPhoneSimulator
		{60378A62-5D1F-4616-BFBD-351598502B16}.Release|Any CPU.Deploy.0 = Release|iPhoneSimulator
		{60378A62-5D1F-4616-BFBD-351598502B16}.Release|iPhone.ActiveCfg = Release|iPhone
		{60378A62-5D1F-4616-BFBD-351598502B16}.Release|iPhone.Build.0 = Release|iPhone
		{60378A62-5D1F-4616-BFBD-351598502B16}.Release|iPhone.Deploy.0 = Release|iPhone
		{60378A62-5D1F-4616-BFBD-351598502B16}.Release|iPhoneSimulator.ActiveCfg = Release|iPhoneSimulator
		{60378A62-5D1F-4616-BFBD-351598502B16}.Release|iPhoneSimulator.Build.0 = Release|iPhoneSimulator
		{60378A62-5D1F-4616-BFBD-351598502B16}.Release|iPhoneSimulator.Deploy.0 = Release|iPhoneSimulator
		{6E2086B7-D2F9-4406-B60D-4670E2430775}.Debug|Any CPU.ActiveCfg = Debug|Any CPU
		{6E2086B7-D2F9-4406-B60D-4670E2430775}.Debug|Any CPU.Build.0 = Debug|Any CPU
		{6E2086B7-D2F9-4406-B60D-4670E2430775}.Debug|Any CPU.Deploy.0 = Debug|Any CPU
		{6E2086B7-D2F9-4406-B60D-4670E2430775}.Debug|iPhone.ActiveCfg = Debug|Any CPU
		{6E2086B7-D2F9-4406-B60D-4670E2430775}.Debug|iPhone.Build.0 = Debug|Any CPU
		{6E2086B7-D2F9-4406-B60D-4670E2430775}.Debug|iPhone.Deploy.0 = Debug|Any CPU
		{6E2086B7-D2F9-4406-B60D-4670E2430775}.Debug|iPhoneSimulator.ActiveCfg = Debug|Any CPU
		{6E2086B7-D2F9-4406-B60D-4670E2430775}.Debug|iPhoneSimulator.Build.0 = Debug|Any CPU
		{6E2086B7-D2F9-4406-B60D-4670E2430775}.Debug|iPhoneSimulator.Deploy.0 = Debug|Any CPU
		{6E2086B7-D2F9-4406-B60D-4670E2430775}.Release|Any CPU.ActiveCfg = Release|Any CPU
		{6E2086B7-D2F9-4406-B60D-4670E2430775}.Release|Any CPU.Build.0 = Release|Any CPU
		{6E2086B7-D2F9-4406-B60D-4670E2430775}.Release|Any CPU.Deploy.0 = Release|Any CPU
		{6E2086B7-D2F9-4406-B60D-4670E2430775}.Release|iPhone.ActiveCfg = Release|Any CPU
		{6E2086B7-D2F9-4406-B60D-4670E2430775}.Release|iPhone.Build.0 = Release|Any CPU
		{6E2086B7-D2F9-4406-B60D-4670E2430775}.Release|iPhone.Deploy.0 = Release|Any CPU
		{6E2086B7-D2F9-4406-B60D-4670E2430775}.Release|iPhoneSimulator.ActiveCfg = Release|Any CPU
		{6E2086B7-D2F9-4406-B60D-4670E2430775}.Release|iPhoneSimulator.Build.0 = Release|Any CPU
		{6E2086B7-D2F9-4406-B60D-4670E2430775}.Release|iPhoneSimulator.Deploy.0 = Release|Any CPU
	EndGlobalSection
	GlobalSection(SolutionProperties) = preSolution
		HideSolutionNode = FALSE
	EndGlobalSection
	GlobalSection(ExtensibilityGlobals) = postSolution
		SolutionGuid = {F22D5C72-6434-4A43-8CCA-EA87207CDCC9}
	EndGlobalSection
EndGlobal
